# THIS IS AN AUTOGENERATED FILE. DO NOT EDIT THIS FILE DIRECTLY.
# yarn lockfile v1


react-icons@^4.3.1:
  version "4.3.1"
  resolved "https://registry.yarnpkg.com/react-icons/-/react-icons-4.3.1.tgz#2fa92aebbbc71f43d2db2ed1aed07361124e91ca"
  integrity sha512-cB10MXLTs3gVuXimblAdI71jrJx8njrJZmNMEMC+sQu5B/BIOmlsAjskdqpn81y8UBVEGuHODd7/ci5DvoSzTQ==

react-router-dom@^6.0.0-beta.7:
  version "6.0.0-beta.7"
  resolved "https://registry.yarnpkg.com/react-router-dom/-/react-router-dom-6.0.0-beta.7.tgz#896acf6002a57507cccf09ed5cc6cf9d5554e07d"
  integrity sha512-XW50WW6YBYbRJwQPIt8SAcXf8Jo47sY5QuEI8Y/TkckekoMVOHcax4CAArrbONV8MTNyZ4jUfDU776G8ToNDgw==
  dependencies:
    react-router "6.0.0-beta.7"

react-router@6.0.0-beta.7, react-router@^6.0.0-beta.7:
  version "6.0.0-beta.7"
  resolved "https://registry.yarnpkg.com/react-router/-/react-router-6.0.0-beta.7.tgz#8c22236c46977e53696ed779ebec31080ab2d3ee"
  integrity sha512-n5eIqqY724yW6v2G2DXwcTNwz+NlowV1bOg/OKLz6EtJWD8/lez/5whyfyp9dPkA3ICqYuDZhZxnhk7A/u0aFQ==
